// !$*UTF8*$!
{
	archiveVersion = 1;
	classes = {
	};
	objectVersion = 56;
	objects = {

/* Begin PBXBuildFile section */
		4B4EBE3B2BC3AE4800D73D59 /* FruitCardView.swift in Sources */ = {isa = PBXBuildFile; fileRef = 4B4EBE3A2BC3AE4800D73D59 /* FruitCardView.swift */; };
		4B4EBE3D2BC3BCBA00D73D59 /* StartButtonView.swift in Sources */ = {isa = PBXBuildFile; fileRef = 4B4EBE3C2BC3BCBA00D73D59 /* StartButtonView.swift */; };
		4B4EBE3F2BC3C98D00D73D59 /* OnboardingView.swift in Sources */ = {isa = PBXBuildFile; fileRef = 4B4EBE3E2BC3C98D00D73D59 /* OnboardingView.swift */; };
		4B8662B02BC68C4E002D9CEC /* FruitDataModel.swift in Sources */ = {isa = PBXBuildFile; fileRef = 4B8662AF2BC68C4E002D9CEC /* FruitDataModel.swift */; };
		4B8662B32BC68ED1002D9CEC /* FruitsData.swift in Sources */ = {isa = PBXBuildFile; fileRef = 4B8662B22BC68ED1002D9CEC /* FruitsData.swift */; };
		4B909E552BC94BC4004DDACE /* FruitRowView.swift in Sources */ = {isa = PBXBuildFile; fileRef = 4B909E542BC94BC4004DDACE /* FruitRowView.swift */; };
		4B909E592BD0ED35004DDACE /* FruitDetailView.swift in Sources */ = {isa = PBXBuildFile; fileRef = 4B909E582BD0ED35004DDACE /* FruitDetailView.swift */; };
		4B951A2B2BD9ED6400C77BEB /* FruitHeaderView.swift in Sources */ = {isa = PBXBuildFile; fileRef = 4B951A2A2BD9ED6400C77BEB /* FruitHeaderView.swift */; };
		4B951A522BDF348400C77BEB /* SourceLinkView.swift in Sources */ = {isa = PBXBuildFile; fileRef = 4B951A512BDF348400C77BEB /* SourceLinkView.swift */; };
		4BC2C0742BC383A700CC2997 /* Fruits_AppApp.swift in Sources */ = {isa = PBXBuildFile; fileRef = 4BC2C0732BC383A700CC2997 /* Fruits_AppApp.swift */; };
		4BC2C0762BC383A700CC2997 /* ContentView.swift in Sources */ = {isa = PBXBuildFile; fileRef = 4BC2C0752BC383A700CC2997 /* ContentView.swift */; };
		4BC2C0782BC383A800CC2997 /* Assets.xcassets in Resources */ = {isa = PBXBuildFile; fileRef = 4BC2C0772BC383A800CC2997 /* Assets.xcassets */; };
		4BC2C07B2BC383A800CC2997 /* Preview Assets.xcassets in Resources */ = {isa = PBXBuildFile; fileRef = 4BC2C07A2BC383A800CC2997 /* Preview Assets.xcassets */; };
/* End PBXBuildFile section */

/* Begin PBXFileReference section */
		4B4EBE3A2BC3AE4800D73D59 /* FruitCardView.swift */ = {isa = PBXFileReference; lastKnownFileType = sourcecode.swift; path = FruitCardView.swift; sourceTree = "<group>"; };
		4B4EBE3C2BC3BCBA00D73D59 /* StartButtonView.swift */ = {isa = PBXFileReference; lastKnownFileType = sourcecode.swift; path = StartButtonView.swift; sourceTree = "<group>"; };
		4B4EBE3E2BC3C98D00D73D59 /* OnboardingView.swift */ = {isa = PBXFileReference; lastKnownFileType = sourcecode.swift; path = OnboardingView.swift; sourceTree = "<group>"; };
		4B8662AF2BC68C4E002D9CEC /* FruitDataModel.swift */ = {isa = PBXFileReference; lastKnownFileType = sourcecode.swift; path = FruitDataModel.swift; sourceTree = "<group>"; };
		4B8662B22BC68ED1002D9CEC /* FruitsData.swift */ = {isa = PBXFileReference; lastKnownFileType = sourcecode.swift; path = FruitsData.swift; sourceTree = "<group>"; };
		4B909E542BC94BC4004DDACE /* FruitRowView.swift */ = {isa = PBXFileReference; lastKnownFileType = sourcecode.swift; path = FruitRowView.swift; sourceTree = "<group>"; };
		4B909E582BD0ED35004DDACE /* FruitDetailView.swift */ = {isa = PBXFileReference; lastKnownFileType = sourcecode.swift; path = FruitDetailView.swift; sourceTree = "<group>"; };
		4B951A2A2BD9ED6400C77BEB /* FruitHeaderView.swift */ = {isa = PBXFileReference; lastKnownFileType = sourcecode.swift; path = FruitHeaderView.swift; sourceTree = "<group>"; };
		4B951A512BDF348400C77BEB /* SourceLinkView.swift */ = {isa = PBXFileReference; lastKnownFileType = sourcecode.swift; path = SourceLinkView.swift; sourceTree = "<group>"; };
		4BC2C0702BC383A700CC2997 /* Fruits App.app */ = {isa = PBXFileReference; explicitFileType = wrapper.application; includeInIndex = 0; path = "Fruits App.app"; sourceTree = BUILT_PRODUCTS_DIR; };
		4BC2C0732BC383A700CC2997 /* Fruits_AppApp.swift */ = {isa = PBXFileReference; lastKnownFileType = sourcecode.swift; path = Fruits_AppApp.swift; sourceTree = "<group>"; };
		4BC2C0752BC383A700CC2997 /* ContentView.swift */ = {isa = PBXFileReference; lastKnownFileType = sourcecode.swift; path = ContentView.swift; sourceTree = "<group>"; };
		4BC2C0772BC383A800CC2997 /* Assets.xcassets */ = {isa = PBXFileReference; lastKnownFileType = folder.assetcatalog; path = Assets.xcassets; sourceTree = "<group>"; };
		4BC2C07A2BC383A800CC2997 /* Preview Assets.xcassets */ = {isa = PBXFileReference; lastKnownFileType = folder.assetcatalog; path = "Preview Assets.xcassets"; sourceTree = "<group>"; };
/* End PBXFileReference section */

/* Begin PBXFrameworksBuildPhase section */
		4BC2C06D2BC383A700CC2997 /* Frameworks */ = {
			isa = PBXFrameworksBuildPhase;
			buildActionMask = 2147483647;
			files = (
			);
			runOnlyForDeploymentPostprocessing = 0;
		};
/* End PBXFrameworksBuildPhase section */

/* Begin PBXGroup section */
		4B4EBE372BC3AE1800D73D59 /* View */ = {
			isa = PBXGroup;
			children = (
				4B4EBE3A2BC3AE4800D73D59 /* FruitCardView.swift */,
				4B4EBE3C2BC3BCBA00D73D59 /* StartButtonView.swift */,
				4B909E542BC94BC4004DDACE /* FruitRowView.swift */,
				4B951A2A2BD9ED6400C77BEB /* FruitHeaderView.swift */,
				4B951A512BDF348400C77BEB /* SourceLinkView.swift */,
			);
			path = View;
			sourceTree = "<group>";
		};
		4B8662AE2BC68C3A002D9CEC /* Model */ = {
			isa = PBXGroup;
			children = (
				4B8662AF2BC68C4E002D9CEC /* FruitDataModel.swift */,
			);
			path = Model;
			sourceTree = "<group>";
		};
		4B8662B12BC68EC7002D9CEC /* Data */ = {
			isa = PBXGroup;
			children = (
				4B8662B22BC68ED1002D9CEC /* FruitsData.swift */,
			);
			path = Data;
			sourceTree = "<group>";
		};
		4BC2C0672BC383A700CC2997 = {
			isa = PBXGroup;
			children = (
				4BC2C0722BC383A700CC2997 /* Fruits App */,
				4BC2C0712BC383A700CC2997 /* Products */,
			);
			sourceTree = "<group>";
		};
		4BC2C0712BC383A700CC2997 /* Products */ = {
			isa = PBXGroup;
			children = (
				4BC2C0702BC383A700CC2997 /* Fruits App.app */,
			);
			name = Products;
			sourceTree = "<group>";
		};
		4BC2C0722BC383A700CC2997 /* Fruits App */ = {
			isa = PBXGroup;
			children = (
				4B8662B12BC68EC7002D9CEC /* Data */,
				4B8662AE2BC68C3A002D9CEC /* Model */,
				4B4EBE372BC3AE1800D73D59 /* View */,
				4BC2C0812BC3AC5300CC2997 /* App */,
				4BC2C0772BC383A800CC2997 /* Assets.xcassets */,
				4BC2C0792BC383A800CC2997 /* Preview Content */,
			);
			path = "Fruits App";
			sourceTree = "<group>";
		};
		4BC2C0792BC383A800CC2997 /* Preview Content */ = {
			isa = PBXGroup;
			children = (
				4BC2C07A2BC383A800CC2997 /* Preview Assets.xcassets */,
			);
			path = "Preview Content";
			sourceTree = "<group>";
		};
		4BC2C0812BC3AC5300CC2997 /* App */ = {
			isa = PBXGroup;
			children = (
				4BC2C0732BC383A700CC2997 /* Fruits_AppApp.swift */,
				4BC2C0752BC383A700CC2997 /* ContentView.swift */,
				4B4EBE3E2BC3C98D00D73D59 /* OnboardingView.swift */,
				4B909E582BD0ED35004DDACE /* FruitDetailView.swift */,
			);
			path = App;
			sourceTree = "<group>";
		};
/* End PBXGroup section */

/* Begin PBXNativeTarget section */
		4BC2C06F2BC383A700CC2997 /* Fruits App */ = {
			isa = PBXNativeTarget;
			buildConfigurationList = 4BC2C07E2BC383A800CC2997 /* Build configuration list for PBXNativeTarget "Fruits App" */;
			buildPhases = (
				4BC2C06C2BC383A700CC2997 /* Sources */,
				4BC2C06D2BC383A700CC2997 /* Frameworks */,
				4BC2C06E2BC383A700CC2997 /* Resources */,
			);
			buildRules = (
			);
			dependencies = (
			);
			name = "Fruits App";
			productName = "Fruits App";
			productReference = 4BC2C0702BC383A700CC2997 /* Fruits App.app */;
			productType = "com.apple.product-type.application";
		};
/* End PBXNativeTarget section */

/* Begin PBXProject section */
		4BC2C0682BC383A700CC2997 /* Project object */ = {
			isa = PBXProject;
			attributes = {
				BuildIndependentTargetsInParallel = 1;
				LastSwiftUpdateCheck = 1500;
				LastUpgradeCheck = 1500;
				TargetAttributes = {
					4BC2C06F2BC383A700CC2997 = {
						CreatedOnToolsVersion = 15.0;
					};
				};
			};
			buildConfigurationList = 4BC2C06B2BC383A700CC2997 /* Build configuration list for PBXProject "Fruits App" */;
			compatibilityVersion = "Xcode 14.0";
			developmentRegion = en;
			hasScannedForEncodings = 0;
			knownRegions = (
				en,
				Base,
			);
			mainGroup = 4BC2C0672BC383A700CC2997;
			productRefGroup = 4BC2C0712BC383A700CC2997 /* Products */;
			projectDirPath = "";
			projectRoot = "";
			targets = (
				4BC2C06F2BC383A700CC2997 /* Fruits App */,
			);
		};
/* End PBXProject section */

/* Begin PBXResourcesBuildPhase section */
		4BC2C06E2BC383A700CC2997 /* Resources */ = {
			isa = PBXResourcesBuildPhase;
			buildActionMask = 2147483647;
			files = (
				4BC2C07B2BC383A800CC2997 /* Preview Assets.xcassets in Resources */,
				4BC2C0782BC383A800CC2997 /* Assets.xcassets in Resources */,
			);
			runOnlyForDeploymentPostprocessing = 0;
		};
/* End PBXResourcesBuildPhase section */

/* Begin PBXSourcesBuildPhase section */
		4BC2C06C2BC383A700CC2997 /* Sources */ = {
			isa = PBXSourcesBuildPhase;
			buildActionMask = 2147483647;
			files = (
				4B8662B02BC68C4E002D9CEC /* FruitDataModel.swift in Sources */,
				4B951A522BDF348400C77BEB /* SourceLinkView.swift in Sources */,
				4B4EBE3B2BC3AE4800D73D59 /* FruitCardView.swift in Sources */,
				4B909E552BC94BC4004DDACE /* FruitRowView.swift in Sources */,
				4B4EBE3D2BC3BCBA00D73D59 /* StartButtonView.swift in Sources */,
				4B909E592BD0ED35004DDACE /* FruitDetailView.swift in Sources */,
				4BC2C0762BC383A700CC2997 /* ContentView.swift in Sources */,
				4B951A2B2BD9ED6400C77BEB /* FruitHeaderView.swift in Sources */,
				4B8662B32BC68ED1002D9CEC /* FruitsData.swift in Sources */,
				4B4EBE3F2BC3C98D00D73D59 /* OnboardingView.swift in Sources */,
				4BC2C0742BC383A700CC2997 /* Fruits_AppApp.swift in Sources */,
			);
			runOnlyForDeploymentPostprocessing = 0;
		};
/* End PBXSourcesBuildPhase section */

/* Begin XCBuildConfiguration section */
		4BC2C07C2BC383A800CC2997 /* Debug */ = {
			isa = XCBuildConfiguration;
			buildSettings = {
				ALWAYS_SEARCH_USER_PATHS = NO;
				ASSETCATALOG_COMPILER_GENERATE_SWIFT_ASSET_SYMBOL_EXTENSIONS = YES;
				CLANG_ANALYZER_NONNULL = YES;
				CLANG_ANALYZER_NUMBER_OBJECT_CONVERSION = YES_AGGRESSIVE;
				CLANG_CXX_LANGUAGE_STANDARD = "gnu++20";
				CLANG_ENABLE_MODULES = YES;
				CLANG_ENABLE_OBJC_ARC = YES;
				CLANG_ENABLE_OBJC_WEAK = YES;
				CLANG_WARN_BLOCK_CAPTURE_AUTORELEASING = YES;
				CLANG_WARN_BOOL_CONVERSION = YES;
				CLANG_WARN_COMMA = YES;
				CLANG_WARN_CONSTANT_CONVERSION = YES;
				CLANG_WARN_DEPRECATED_OBJC_IMPLEMENTATIONS = YES;
				CLANG_WARN_DIRECT_OBJC_ISA_USAGE = YES_ERROR;
				CLANG_WARN_DOCUMENTATION_COMMENTS = YES;
				CLANG_WARN_EMPTY_BODY = YES;
				CLANG_WARN_ENUM_CONVERSION = YES;
				CLANG_WARN_INFINITE_RECURSION = YES;
				CLANG_WARN_INT_CONVERSION = YES;
				CLANG_WARN_NON_LITERAL_NULL_CONVERSION = YES;
				CLANG_WARN_OBJC_IMPLICIT_RETAIN_SELF = YES;
				CLANG_WARN_OBJC_LITERAL_CONVERSION = YES;
				CLANG_WARN_OBJC_ROOT_CLASS = YES_ERROR;
				CLANG_WARN_QUOTED_INCLUDE_IN_FRAMEWORK_HEADER = YES;
				CLANG_WARN_RANGE_LOOP_ANALYSIS = YES;
				CLANG_WARN_STRICT_PROTOTYPES = YES;
				CLANG_WARN_SUSPICIOUS_MOVE = YES;
				CLANG_WARN_UNGUARDED_AVAILABILITY = YES_AGGRESSIVE;
				CLANG_WARN_UNREACHABLE_CODE = YES;
				CLANG_WARN__DUPLICATE_METHOD_MATCH = YES;
				COPY_PHASE_STRIP = NO;
				DEBUG_INFORMATION_FORMAT = dwarf;
				ENABLE_STRICT_OBJC_MSGSEND = YES;
				ENABLE_TESTABILITY = YES;
				ENABLE_USER_SCRIPT_SANDBOXING = YES;
				GCC_C_LANGUAGE_STANDARD = gnu17;
				GCC_DYNAMIC_NO_PIC = NO;
				GCC_NO_COMMON_BLOCKS = YES;
				GCC_OPTIMIZATION_LEVEL = 0;
				GCC_PREPROCESSOR_DEFINITIONS = (
					"DEBUG=1",
					"$(inherited)",
				);
				GCC_WARN_64_TO_32_BIT_CONVERSION = YES;
				GCC_WARN_ABOUT_RETURN_TYPE = YES_ERROR;
				GCC_WARN_UNDECLARED_SELECTOR = YES;
				GCC_WARN_UNINITIALIZED_AUTOS = YES_AGGRESSIVE;
				GCC_WARN_UNUSED_FUNCTION = YES;
				GCC_WARN_UNUSED_VARIABLE = YES;
				IPHONEOS_DEPLOYMENT_TARGET = 17.0;
				LOCALIZATION_PREFERS_STRING_CATALOGS = YES;
				MTL_ENABLE_DEBUG_INFO = INCLUDE_SOURCE;
				MTL_FAST_MATH = YES;
				ONLY_ACTIVE_ARCH = YES;
				SDKROOT = iphoneos;
				SWIFT_ACTIVE_COMPILATION_CONDITIONS = "DEBUG $(inherited)";
				SWIFT_OPTIMIZATION_LEVEL = "-Onone";
			};
			name = Debug;
		};
		4BC2C07D2BC383A800CC2997 /* Release */ = {
			isa = XCBuildConfiguration;
			buildSettings = {
				ALWAYS_SEARCH_USER_PATHS = NO;
				ASSETCATALOG_COMPILER_GENERATE_SWIFT_ASSET_SYMBOL_EXTENSIONS = YES;
				CLANG_ANALYZER_NONNULL = YES;
				CLANG_ANALYZER_NUMBER_OBJECT_CONVERSION = YES_AGGRESSIVE;
				CLANG_CXX_LANGUAGE_STANDARD = "gnu++20";
				CLANG_ENABLE_MODULES = YES;
				CLANG_ENABLE_OBJC_ARC = YES;
				CLANG_ENABLE_OBJC_WEAK = YES;
				CLANG_WARN_BLOCK_CAPTURE_AUTORELEASING = YES;
				CLANG_WARN_BOOL_CONVERSION = YES;
				CLANG_WARN_COMMA = YES;
				CLANG_WARN_CONSTANT_CONVERSION = YES;
				CLANG_WARN_DEPRECATED_OBJC_IMPLEMENTATIONS = YES;
				CLANG_WARN_DIRECT_OBJC_ISA_USAGE = YES_ERROR;
				CLANG_WARN_DOCUMENTATION_COMMENTS = YES;
				CLANG_WARN_EMPTY_BODY = YES;
				CLANG_WARN_ENUM_CONVERSION = YES;
				CLANG_WARN_INFINITE_RECURSION = YES;
				CLANG_WARN_INT_CONVERSION = YES;
				CLANG_WARN_NON_LITERAL_NULL_CONVERSION = YES;
				CLANG_WARN_OBJC_IMPLICIT_RETAIN_SELF = YES;
				CLANG_WARN_OBJC_LITERAL_CONVERSION = YES;
				CLANG_WARN_OBJC_ROOT_CLASS = YES_ERROR;
				CLANG_WARN_QUOTED_INCLUDE_IN_FRAMEWORK_HEADER = YES;
				CLANG_WARN_RANGE_LOOP_ANALYSIS = YES;
				CLANG_WARN_STRICT_PROTOTYPES = YES;
				CLANG_WARN_SUSPICIOUS_MOVE = YES;
				CLANG_WARN_UNGUARDED_AVAILABILITY = YES_AGGRESSIVE;
				CLANG_WARN_UNREACHABLE_CODE = YES;
				CLANG_WARN__DUPLICATE_METHOD_MATCH = YES;
				COPY_PHASE_STRIP = NO;
				DEBUG_INFORMATION_FORMAT = "dwarf-with-dsym";
				ENABLE_NS_ASSERTIONS = NO;
				ENABLE_STRICT_OBJC_MSGSEND = YES;
				ENABLE_USER_SCRIPT_SANDBOXING = YES;
				GCC_C_LANGUAGE_STANDARD = gnu17;
				GCC_NO_COMMON_BLOCKS = YES;
				GCC_WARN_64_TO_32_BIT_CONVERSION = YES;
				GCC_WARN_ABOUT_RETURN_TYPE = YES_ERROR;
				GCC_WARN_UNDECLARED_SELECTOR = YES;
				GCC_WARN_UNINITIALIZED_AUTOS = YES_AGGRESSIVE;
				GCC_WARN_UNUSED_FUNCTION = YES;
				GCC_WARN_UNUSED_VARIABLE = YES;
				IPHONEOS_DEPLOYMENT_TARGET = 17.0;
				LOCALIZATION_PREFERS_STRING_CATALOGS = YES;
				MTL_ENABLE_DEBUG_INFO = NO;
				MTL_FAST_MATH = YES;
				SDKROOT = iphoneos;
				SWIFT_COMPILATION_MODE = wholemodule;
				VALIDATE_PRODUCT = YES;
			};
			name = Release;
		};
		4BC2C07F2BC383A800CC2997 /* Debug */ = {
			isa = XCBuildConfiguration;
			buildSettings = {
				ASSETCATALOG_COMPILER_APPICON_NAME = AppIcon;
				ASSETCATALOG_COMPILER_GLOBAL_ACCENT_COLOR_NAME = AccentColor;
				CODE_SIGN_STYLE = Automatic;
				CURRENT_PROJECT_VERSION = 1;
				DEVELOPMENT_ASSET_PATHS = "\"Fruits App/Preview Content\"";
				ENABLE_PREVIEWS = YES;
				GENERATE_INFOPLIST_FILE = YES;
				INFOPLIST_KEY_UIApplicationSceneManifest_Generation = YES;
				INFOPLIST_KEY_UIApplicationSupportsIndirectInputEvents = YES;
				INFOPLIST_KEY_UILaunchScreen_Generation = YES;
				INFOPLIST_KEY_UISupportedInterfaceOrientations = UIInterfaceOrientationPortrait;
				LD_RUNPATH_SEARCH_PATHS = (
					"$(inherited)",
					"@executable_path/Frameworks",
				);
				MARKETING_VERSION = 1.0;
				PRODUCT_BUNDLE_IDENTIFIER = "com.adwait.fruitsapp.Fruits-App";
				PRODUCT_NAME = "$(TARGET_NAME)";
				SWIFT_EMIT_LOC_STRINGS = YES;
				SWIFT_VERSION = 5.0;
				TARGETED_DEVICE_FAMILY = "1,2";
			};
			name = Debug;
		};
		4BC2C0802BC383A800CC2997 /* Release */ = {
			isa = XCBuildConfiguration;
			buildSettings = {
				ASSETCATALOG_COMPILER_APPICON_NAME = AppIcon;
				ASSETCATALOG_COMPILER_GLOBAL_ACCENT_COLOR_NAME = AccentColor;
				CODE_SIGN_STYLE = Automatic;
				CURRENT_PROJECT_VERSION = 1;
				DEVELOPMENT_ASSET_PATHS = "\"Fruits App/Preview Content\"";
				ENABLE_PREVIEWS = YES;
				GENERATE_INFOPLIST_FILE = YES;
				INFOPLIST_KEY_UIApplicationSceneManifest_Generation = YES;
				INFOPLIST_KEY_UIApplicationSupportsIndirectInputEvents = YES;
				INFOPLIST_KEY_UILaunchScreen_Generation = YES;
				INFOPLIST_KEY_UISupportedInterfaceOrientations = UIInterfaceOrientationPortrait;
				LD_RUNPATH_SEARCH_PATHS = (
					"$(inherited)",
					"@executable_path/Frameworks",
				);
				MARKETING_VERSION = 1.0;
				PRODUCT_BUNDLE_IDENTIFIER = "com.adwait.fruitsapp.Fruits-App";
				PRODUCT_NAME = "$(TARGET_NAME)";
				SWIFT_EMIT_LOC_STRINGS = YES;
				SWIFT_VERSION = 5.0;
				TARGETED_DEVICE_FAMILY = "1,2";
			};
			name = Release;
		};
/* End XCBuildConfiguration section */

/* Begin XCConfigurationList section */
		4BC2C06B2BC383A700CC2997 /* Build configuration list for PBXProject "Fruits App" */ = {
			isa = XCConfigurationList;
			buildConfigurations = (
				4BC2C07C2BC383A800CC2997 /* Debug */,
				4BC2C07D2BC383A800CC2997 /* Release */,
			);
			defaultConfigurationIsVisible = 0;
			defaultConfigurationName = Release;
		};
		4BC2C07E2BC383A800CC2997 /* Build configuration list for PBXNativeTarget "Fruits App" */ = {
			isa = XCConfigurationList;
			buildConfigurations = (
				4BC2C07F2BC383A800CC2997 /* Debug */,
				4BC2C0802BC383A800CC2997 /* Release */,
			);
			defaultConfigurationIsVisible = 0;
			defaultConfigurationName = Release;
		};
/* End XCConfigurationList section */
	};
	rootObject = 4BC2C0682BC383A700CC2997 /* Project object */;
}
